
Microsoft Visual Studio Solution File, Format Version 12.00
# Visual Studio Version 16
VisualStudioVersion = 16.0.30907.101
MinimumVisualStudioVersion = 10.0.40219.1
Project("{9A19103F-16F7-4668-BE54-9A1E7A4F7556}") = "AccountApp.Shared", "AccountApp.Shared\AccountApp.Shared.csproj", "{FC800857-2151-4208-90B9-EBE0286079F7}"
EndProject
Project("{9A19103F-16F7-4668-BE54-9A1E7A4F7556}") = "AccountApp.API", "AccountApp.API\AccountApp.API.csproj", "{066113FC-5462-4E4B-8BF0-EB5BCA64FFCB}"
EndProject
Project("{9A19103F-16F7-4668-BE54-9A1E7A4F7556}") = "AccountApp.Core", "AccountApp.Core\AccountApp.Core.csproj", "{60C32C36-CB9C-40FE-B7B0-DF68B9F198DD}"
EndProject
Project("{9A19103F-16F7-4668-BE54-9A1E7A4F7556}") = "AccountApp.Domain", "AccountApp.Domain\AccountApp.Domain.csproj", "{A18EFB03-4C26-4201-8850-C66E7363A1D6}"
EndProject
Project("{FAE04EC0-301F-11D3-BF4B-00C04F79EFBC}") = "AccountApp.ClientApp", "AccountApp.ClientApp\AccountApp.ClientApp.csproj", "{74EED4F9-4566-4241-B73D-015EFB849814}"
EndProject
Global
	GlobalSection(SolutionConfigurationPlatforms) = preSolution
		Debug|Any CPU = Debug|Any CPU
		Release|Any CPU = Release|Any CPU
	EndGlobalSection
	GlobalSection(ProjectConfigurationPlatforms) = postSolution
		{FC800857-2151-4208-90B9-EBE0286079F7}.Debug|Any CPU.ActiveCfg = Debug|Any CPU
		{FC800857-2151-4208-90B9-EBE0286079F7}.Debug|Any CPU.Build.0 = Debug|Any CPU
		{FC800857-2151-4208-90B9-EBE0286079F7}.Release|Any CPU.ActiveCfg = Release|Any CPU
		{FC800857-2151-4208-90B9-EBE0286079F7}.Release|Any CPU.Build.0 = Release|Any CPU
		{066113FC-5462-4E4B-8BF0-EB5BCA64FFCB}.Debug|Any CPU.ActiveCfg = Debug|Any CPU
		{066113FC-5462-4E4B-8BF0-EB5BCA64FFCB}.Debug|Any CPU.Build.0 = Debug|Any CPU
		{066113FC-5462-4E4B-8BF0-EB5BCA64FFCB}.Release|Any CPU.ActiveCfg = Release|Any CPU
		{066113FC-5462-4E4B-8BF0-EB5BCA64FFCB}.Release|Any CPU.Build.0 = Release|Any CPU
		{60C32C36-CB9C-40FE-B7B0-DF68B9F198DD}.Debug|Any CPU.ActiveCfg = Debug|Any CPU
		{60C32C36-CB9C-40FE-B7B0-DF68B9F198DD}.Debug|Any CPU.Build.0 = Debug|Any CPU
		{60C32C36-CB9C-40FE-B7B0-DF68B9F198DD}.Release|Any CPU.ActiveCfg = Release|Any CPU
		{60C32C36-CB9C-40FE-B7B0-DF68B9F198DD}.Release|Any CPU.Build.0 = Release|Any CPU
		{A18EFB03-4C26-4201-8850-C66E7363A1D6}.Debug|Any CPU.ActiveCfg = Debug|Any CPU
		{A18EFB03-4C26-4201-8850-C66E7363A1D6}.Debug|Any CPU.Build.0 = Debug|Any CPU
		{A18EFB03-4C26-4201-8850-C66E7363A1D6}.Release|Any CPU.ActiveCfg = Release|Any CPU
		{A18EFB03-4C26-4201-8850-C66E7363A1D6}.Release|Any CPU.Build.0 = Release|Any CPU
		{74EED4F9-4566-4241-B73D-015EFB849814}.Debug|Any CPU.ActiveCfg = Debug|Any CPU
		{74EED4F9-4566-4241-B73D-015EFB849814}.Debug|Any CPU.Build.0 = Debug|Any CPU
		{74EED4F9-4566-4241-B73D-015EFB849814}.Release|Any CPU.ActiveCfg = Release|Any CPU
		{74EED4F9-4566-4241-B73D-015EFB849814}.Release|Any CPU.Build.0 = Release|Any CPU
	EndGlobalSection
	GlobalSection(SolutionProperties) = preSolution
		HideSolutionNode = FALSE
	EndGlobalSection
	GlobalSection(ExtensibilityGlobals) = postSolution
		SolutionGuid = {A6ED0DB9-E5E4-4DF6-82DF-24E66B626F73}
	EndGlobalSection
EndGlobal
